{
  "lockfile_version": "1",
  "packages": {
    "github:NixOS/nixpkgs/nixpkgs-unstable": {
      "last_modified": "2026-01-01T04:40:00Z",
      "resolved": "github:NixOS/nixpkgs/c04833a1e584401bb63c1a63ddc51a71e6aa457a?lastModified=1767242400&narHash=sha256-knFaYjeg7swqG1dljj1hOxfg39zrIy8pfGuicjm9s%2Bo%3D"
    },
    "go@1.25.4": {
      "last_modified": "2025-11-23T21:50:36Z",
      "resolved": "github:NixOS/nixpkgs/ee09932cedcef15aaf476f9343d1dea2cb77e261#go",
      "source": "devbox-search",
      "version": "1.25.4",
      "systems": {
        "aarch64-darwin": {
          "outputs": [
            {
              "name": "out",
              "path": "/nix/store/52f5kjcmgmvgrz3rij676b3rjmgg5l5g-go-1.25.4",
              "default": true
            }
          ],
          "store_path": "/nix/store/52f5kjcmgmvgrz3rij676b3rjmgg5l5g-go-1.25.4"
        },
        "aarch64-linux": {
          "outputs": [
            {
              "name": "out",
              "path": "/nix/store/2ajrlmz1qdpm9k9ankhnp3973wxg1gqs-go-1.25.4",
              "default": true
            }
          ],
          "store_path": "/nix/store/2ajrlmz1qdpm9k9ankhnp3973wxg1gqs-go-1.25.4"
        },
        "x86_64-darwin": {
          "outputs": [
            {
              "name": "out",
              "path": "/nix/store/1rqpvp45rl4sr1l0czrlbmv8jqj9sa7r-go-1.25.4",
              "default": true
            }
          ],
          "store_path": "/nix/store/1rqpvp45rl4sr1l0czrlbmv8jqj9sa7r-go-1.25.4"
        },
        "x86_64-linux": {
          "outputs": [
            {
              "name": "out",
              "path": "/nix/store/0a3dyfq09dnkw28ap2i450wjimvdmv6s-go-1.25.4",
              "default": true
            }
          ],
          "store_path": "/nix/store/0a3dyfq09dnkw28ap2i450wjimvdmv6s-go-1.25.4"
        }
      }
    },
    "nodejs@25.2.1": {
      "last_modified": "2025-12-27T03:48:10Z",
      "plugin_version": "0.0.2",
      "resolved": "github:NixOS/nixpkgs/4eec65df50d796a8fd9c146a09b5007916ce376b#nodejs_25",
      "source": "devbox-search",
      "version": "25.2.1",
      "systems": {
        "aarch64-darwin": {
          "outputs": [
            {
              "name": "out",
              "path": "/nix/store/ajxskskj35f545fmj96krmr3nkl7m0di-nodejs-25.2.1",
              "default": true
            },
            {
              "name": "dev",
              "path": "/nix/store/fywxvp0nb0ac1rrqh1b2bf6z9d1mg4i9-nodejs-25.2.1-dev"
            },
            {
              "name": "libv8",
              "path": "/nix/store/zxmdjvmhnmvxafzdjlqk59inkalyc32w-nodejs-25.2.1-libv8"
            }
          ],
          "store_path": "/nix/store/ajxskskj35f545fmj96krmr3nkl7m0di-nodejs-25.2.1"
        },
        "aarch64-linux": {
          "outputs": [
            {
              "name": "out",
              "path": "/nix/store/aw0laz6a55b5msgi8lal0jdla2qb2nn1-nodejs-25.2.1",
              "default": true
            },
            {
              "name": "dev",
              "path": "/nix/store/m6acblwai1s839p5g1k9iqirxcfjf1mw-nodejs-25.2.1-dev"
            },
            {
              "name": "libv8",
              "path": "/nix/store/rsw8xhjxzqsxpcwwby8819v44amghf0k-nodejs-25.2.1-libv8"
            }
          ],
          "store_path": "/nix/store/aw0laz6a55b5msgi8lal0jdla2qb2nn1-nodejs-25.2.1"
        },
        "x86_64-darwin": {
          "outputs": [
            {
              "name": "out",
              "path": "/nix/store/8andhdv8bvlnx8935r9qzkzkavbg8yx0-nodejs-25.2.1",
              "default": true
            },
            {
              "name": "dev",
              "path": "/nix/store/2zcdnvf7bm8jkzy9pd3rlihgvz8x7rh4-nodejs-25.2.1-dev"
            },
            {
              "name": "libv8",
              "path": "/nix/store/7c92hcl3b25cn2zc2j2fpffzwrnm2dls-nodejs-25.2.1-libv8"
            }
          ],
          "store_path": "/nix/store/8andhdv8bvlnx8935r9qzkzkavbg8yx0-nodejs-25.2.1"
        },
        "x86_64-linux": {
          "outputs": [
            {
              "name": "out",
              "path": "/nix/store/mky5s5bvvrpfv23fhnmk9ammk1vd70hg-nodejs-25.2.1",
              "default": true
            },
            {
              "name": "dev",
              "path": "/nix/store/x3plz7wk9xkngivkgflq26m5qsd4xyxa-nodejs-25.2.1-dev"
            },
            {
              "name": "libv8",
              "path": "/nix/store/cqxwap3ms2i7rlnyhn53166hsnjmrqvz-nodejs-25.2.1-libv8"
            }
          ],
          "store_path": "/nix/store/mky5s5bvvrpfv23fhnmk9ammk1vd70hg-nodejs-25.2.1"
        }
      }
    }
  }
}
