{
  "lockfile_version": "1",
  "packages": {
    "act@0.2.84": {
      "last_modified": "2026-01-09T13:41:53Z",
      "resolved": "github:NixOS/nixpkgs/5f02c91314c8ba4afe83b256b023756412218535#act",
      "source": "devbox-search",
      "version": "0.2.84",
      "systems": {
        "aarch64-darwin": {
          "outputs": [
            {
              "name": "out",
              "path": "/nix/store/a66igc76c2vzyl3q5z7c7kf7dr4b9is5-act-0.2.84",
              "default": true
            }
          ],
          "store_path": "/nix/store/a66igc76c2vzyl3q5z7c7kf7dr4b9is5-act-0.2.84"
        },
        "aarch64-linux": {
          "outputs": [
            {
              "name": "out",
              "path": "/nix/store/wwrpc61p07x97b27ryhyks8zc9bq4j5c-act-0.2.84",
              "default": true
            }
          ],
          "store_path": "/nix/store/wwrpc61p07x97b27ryhyks8zc9bq4j5c-act-0.2.84"
        },
        "x86_64-darwin": {
          "outputs": [
            {
              "name": "out",
              "path": "/nix/store/v5fv7inyakck6m1f5q4xz78gfk7r1al7-act-0.2.84",
              "default": true
            }
          ],
          "store_path": "/nix/store/v5fv7inyakck6m1f5q4xz78gfk7r1al7-act-0.2.84"
        },
        "x86_64-linux": {
          "outputs": [
            {
              "name": "out",
              "path": "/nix/store/vpqyxvqac1f8pwva5ffxidr98qbfhn20-act-0.2.84",
              "default": true
            }
          ],
          "store_path": "/nix/store/vpqyxvqac1f8pwva5ffxidr98qbfhn20-act-0.2.84"
        }
      }
    },
    "beam27Packages.elixir-ls@0.30.0": {
      "last_modified": "2025-12-31T03:27:36Z",
      "resolved": "github:NixOS/nixpkgs/f665af0cdb70ed27e1bd8f9fdfecaf451260fc55#beam27Packages.elixir-ls",
      "source": "devbox-search",
      "version": "0.30.0",
      "systems": {
        "aarch64-darwin": {
          "outputs": [
            {
              "name": "out",
              "path": "/nix/store/601drl0a4sjaxfhl2v9lnrkxgqjx5ihr-elixir-ls-0.30.0",
              "default": true
            }
          ],
          "store_path": "/nix/store/601drl0a4sjaxfhl2v9lnrkxgqjx5ihr-elixir-ls-0.30.0"
        },
        "aarch64-linux": {
          "outputs": [
            {
              "name": "out",
              "path": "/nix/store/8ynx50jvynmv1yvkyqnrvdvf3hy78l9v-elixir-ls-0.30.0",
              "default": true
            }
          ],
          "store_path": "/nix/store/8ynx50jvynmv1yvkyqnrvdvf3hy78l9v-elixir-ls-0.30.0"
        },
        "x86_64-darwin": {
          "outputs": [
            {
              "name": "out",
              "path": "/nix/store/vdwlhdm23hdh4mx7yhrf2wrlmcdg938c-elixir-ls-0.30.0",
              "default": true
            }
          ],
          "store_path": "/nix/store/vdwlhdm23hdh4mx7yhrf2wrlmcdg938c-elixir-ls-0.30.0"
        },
        "x86_64-linux": {
          "outputs": [
            {
              "name": "out",
              "path": "/nix/store/yqrp9kpmwa8l9zvhrgk7c9qc0s29v6rb-elixir-ls-0.30.0",
              "default": true
            }
          ],
          "store_path": "/nix/store/yqrp9kpmwa8l9zvhrgk7c9qc0s29v6rb-elixir-ls-0.30.0"
        }
      }
    },
    "darwin.apple_sdk.frameworks.CoreServices": {
      "resolved": "github:NixOS/nixpkgs/11cb3517b3af6af300dd6c055aeda73c9bf52c48#darwin.apple_sdk.frameworks.CoreServices",
      "source": "nixpkg"
    },
    "elixir@1.18.1": {
      "last_modified": "2024-12-27T03:08:00Z",
      "plugin_version": "0.0.1",
      "resolved": "github:NixOS/nixpkgs/7cc0bff31a3a705d3ac4fdceb030a17239412210#elixir",
      "source": "devbox-search",
      "version": "1.18.1",
      "systems": {
        "aarch64-darwin": {
          "outputs": [
            {
              "name": "out",
              "path": "/nix/store/hdd9x34p0gplcl1bramq80lqi76xrd87-elixir-1.18.1",
              "default": true
            }
          ],
          "store_path": "/nix/store/hdd9x34p0gplcl1bramq80lqi76xrd87-elixir-1.18.1"
        },
        "aarch64-linux": {
          "outputs": [
            {
              "name": "out",
              "path": "/nix/store/a4g29icpil9b1hsniqspz5k110h4df8v-elixir-1.18.1",
              "default": true
            }
          ],
          "store_path": "/nix/store/a4g29icpil9b1hsniqspz5k110h4df8v-elixir-1.18.1"
        },
        "x86_64-darwin": {
          "outputs": [
            {
              "name": "out",
              "path": "/nix/store/b3h6f36zd4gjivb76lvvs6a9bi1mq9q8-elixir-1.18.1",
              "default": true
            }
          ],
          "store_path": "/nix/store/b3h6f36zd4gjivb76lvvs6a9bi1mq9q8-elixir-1.18.1"
        },
        "x86_64-linux": {
          "outputs": [
            {
              "name": "out",
              "path": "/nix/store/3zd200bq28mv3pdbii7rijzmb0gmhhs3-elixir-1.18.1",
              "default": true
            }
          ],
          "store_path": "/nix/store/3zd200bq28mv3pdbii7rijzmb0gmhhs3-elixir-1.18.1"
        }
      }
    },
    "erlang@27.2": {
      "last_modified": "2024-12-26T01:25:00Z",
      "resolved": "github:NixOS/nixpkgs/16e046229f3b4f53257973a5532bcbb72457d2f2#erlang",
      "source": "devbox-search",
      "version": "27.2",
      "systems": {
        "aarch64-darwin": {
          "outputs": [
            {
              "name": "out",
              "path": "/nix/store/6lg2nrxxd79s2k1ij4hsvfgiwhbisy5v-erlang-27.2",
              "default": true
            }
          ],
          "store_path": "/nix/store/6lg2nrxxd79s2k1ij4hsvfgiwhbisy5v-erlang-27.2"
        },
        "aarch64-linux": {
          "outputs": [
            {
              "name": "out",
              "path": "/nix/store/swym0vp55ayg9yv2zp18dzybq66y267l-erlang-27.2",
              "default": true
            }
          ],
          "store_path": "/nix/store/swym0vp55ayg9yv2zp18dzybq66y267l-erlang-27.2"
        },
        "x86_64-darwin": {
          "outputs": [
            {
              "name": "out",
              "path": "/nix/store/rlmwsbfv7pbxps28ap0hryf8yk3swiw4-erlang-27.2",
              "default": true
            }
          ],
          "store_path": "/nix/store/rlmwsbfv7pbxps28ap0hryf8yk3swiw4-erlang-27.2"
        },
        "x86_64-linux": {
          "outputs": [
            {
              "name": "out",
              "path": "/nix/store/186j3w6wqlqqc8c2sljxhw72ffvc5h0p-erlang-27.2",
              "default": true
            }
          ],
          "store_path": "/nix/store/186j3w6wqlqqc8c2sljxhw72ffvc5h0p-erlang-27.2"
        }
      }
    },
    "github:NixOS/nixpkgs/11cb3517b3af6af300dd6c055aeda73c9bf52c48": {
      "last_modified": "1970-01-01T00:00:00Z",
      "resolved": "github:NixOS/nixpkgs/11cb3517b3af6af300dd6c055aeda73c9bf52c48"
    },
    "go@1.25.5": {
      "last_modified": "2025-12-31T03:27:36Z",
      "resolved": "github:NixOS/nixpkgs/f665af0cdb70ed27e1bd8f9fdfecaf451260fc55#go",
      "source": "devbox-search",
      "version": "1.25.5",
      "systems": {
        "aarch64-darwin": {
          "outputs": [
            {
              "name": "out",
              "path": "/nix/store/fy2aq0rg6vbiyjfdpqy3429hqsan7iwm-go-1.25.5",
              "default": true
            }
          ],
          "store_path": "/nix/store/fy2aq0rg6vbiyjfdpqy3429hqsan7iwm-go-1.25.5"
        },
        "aarch64-linux": {
          "outputs": [
            {
              "name": "out",
              "path": "/nix/store/30d96229dgrh6n6bmd4hn9r1hcngj9bn-go-1.25.5",
              "default": true
            }
          ],
          "store_path": "/nix/store/30d96229dgrh6n6bmd4hn9r1hcngj9bn-go-1.25.5"
        },
        "x86_64-darwin": {
          "outputs": [
            {
              "name": "out",
              "path": "/nix/store/wzakp2xy6if4n2b4fb1fkdjwilwlpifk-go-1.25.5",
              "default": true
            }
          ],
          "store_path": "/nix/store/wzakp2xy6if4n2b4fb1fkdjwilwlpifk-go-1.25.5"
        },
        "x86_64-linux": {
          "outputs": [
            {
              "name": "out",
              "path": "/nix/store/60z37432vmgkg54krwr1z057bqwp7583-go-1.25.5",
              "default": true
            }
          ],
          "store_path": "/nix/store/60z37432vmgkg54krwr1z057bqwp7583-go-1.25.5"
        }
      }
    },
    "golangci-lint@2.8.0": {
      "last_modified": "2026-01-09T13:41:53Z",
      "resolved": "github:NixOS/nixpkgs/5f02c91314c8ba4afe83b256b023756412218535#golangci-lint",
      "source": "devbox-search",
      "version": "2.8.0",
      "systems": {
        "aarch64-darwin": {
          "outputs": [
            {
              "name": "out",
              "path": "/nix/store/b9iv68qcms160wlni9xn56s81cvqksgf-golangci-lint-2.8.0",
              "default": true
            }
          ],
          "store_path": "/nix/store/b9iv68qcms160wlni9xn56s81cvqksgf-golangci-lint-2.8.0"
        },
        "aarch64-linux": {
          "outputs": [
            {
              "name": "out",
              "path": "/nix/store/1yzy8ajvs3wj009j7al87hm6n0zwjd40-golangci-lint-2.8.0",
              "default": true
            }
          ],
          "store_path": "/nix/store/1yzy8ajvs3wj009j7al87hm6n0zwjd40-golangci-lint-2.8.0"
        },
        "x86_64-darwin": {
          "outputs": [
            {
              "name": "out",
              "path": "/nix/store/k17d2y5alkdd3p03haik3a3ksfaxh1fj-golangci-lint-2.8.0",
              "default": true
            }
          ],
          "store_path": "/nix/store/k17d2y5alkdd3p03haik3a3ksfaxh1fj-golangci-lint-2.8.0"
        },
        "x86_64-linux": {
          "outputs": [
            {
              "name": "out",
              "path": "/nix/store/643gpb6qyxjl9lcrfr8gvfck2rj9zabd-golangci-lint-2.8.0",
              "default": true
            }
          ],
          "store_path": "/nix/store/643gpb6qyxjl9lcrfr8gvfck2rj9zabd-golangci-lint-2.8.0"
        }
      }
    },
    "nodejs@25.4.0": {
      "last_modified": "2026-01-20T02:11:35Z",
      "plugin_version": "0.0.2",
      "resolved": "github:NixOS/nixpkgs/ed142ab1b3a092c4d149245d0c4126a5d7ea00b0#nodejs_25",
      "source": "devbox-search",
      "version": "25.4.0",
      "systems": {
        "aarch64-darwin": {
          "outputs": [
            {
              "name": "out",
              "path": "/nix/store/65fya9i64rgmv86x4y0qjc3bjvn2zic8-nodejs-25.4.0",
              "default": true
            },
            {
              "name": "dev",
              "path": "/nix/store/p0xi38maar6ax3mplb9813bpc803xi8s-nodejs-25.4.0-dev"
            },
            {
              "name": "libv8",
              "path": "/nix/store/4q22l64ydnw94byvaw13qy4fnq5mb53r-nodejs-25.4.0-libv8"
            }
          ],
          "store_path": "/nix/store/65fya9i64rgmv86x4y0qjc3bjvn2zic8-nodejs-25.4.0"
        },
        "aarch64-linux": {
          "outputs": [
            {
              "name": "out",
              "path": "/nix/store/0js09lvaz0jw4yanfbp5cbm92jws5yfm-nodejs-25.4.0",
              "default": true
            },
            {
              "name": "dev",
              "path": "/nix/store/fiv5f7ggpj9ylyz763w9slnkng0fb1k1-nodejs-25.4.0-dev"
            },
            {
              "name": "libv8",
              "path": "/nix/store/rb012s3myjjlkq4wbfdzc75xmsi67vm1-nodejs-25.4.0-libv8"
            }
          ],
          "store_path": "/nix/store/0js09lvaz0jw4yanfbp5cbm92jws5yfm-nodejs-25.4.0"
        },
        "x86_64-darwin": {
          "outputs": [
            {
              "name": "out",
              "path": "/nix/store/a3lfsvjyk2kl4bqsy1s9rax3cfvwkisy-nodejs-25.4.0",
              "default": true
            },
            {
              "name": "dev",
              "path": "/nix/store/12pgcsaaw3ssamq3y329b698f64yrjkz-nodejs-25.4.0-dev"
            },
            {
              "name": "libv8",
              "path": "/nix/store/71xjj7wcmm4dg4m04a0wnn0x7wc1rgv7-nodejs-25.4.0-libv8"
            }
          ],
          "store_path": "/nix/store/a3lfsvjyk2kl4bqsy1s9rax3cfvwkisy-nodejs-25.4.0"
        },
        "x86_64-linux": {
          "outputs": [
            {
              "name": "out",
              "path": "/nix/store/56a910991scilbhn9vf6xfxz3dva5cwd-nodejs-25.4.0",
              "default": true
            },
            {
              "name": "dev",
              "path": "/nix/store/mjxl360h6r08d92xr8i435c0p2z3bl8a-nodejs-25.4.0-dev"
            },
            {
              "name": "libv8",
              "path": "/nix/store/8h5kw2ark2k4pm30rs9gidpcvgn10d6b-nodejs-25.4.0-libv8"
            }
          ],
          "store_path": "/nix/store/56a910991scilbhn9vf6xfxz3dva5cwd-nodejs-25.4.0"
        }
      }
    },
    "p7zip@17.05": {
      "last_modified": "2025-01-06T03:40:18Z",
      "resolved": "github:NixOS/nixpkgs/3df3c47c19dc90fec35359e89ffb52b34d2b0e94#p7zip",
      "source": "devbox-search",
      "version": "17.05",
      "systems": {
        "aarch64-darwin": {
          "outputs": [
            {
              "name": "out",
              "path": "/nix/store/a8y496higwqa0dvqrh9hp23n2g3i8dkq-p7zip-17.05",
              "default": true
            },
            {
              "name": "man",
              "path": "/nix/store/94fmm1r4rs15hmxivra9fr1w6fbidzj3-p7zip-17.05-man",
              "default": true
            },
            {
              "name": "doc",
              "path": "/nix/store/5crbxaj80nrdpmbxzg8n01nlq8raamv9-p7zip-17.05-doc"
            },
            {
              "name": "lib",
              "path": "/nix/store/hibq8r2jcra2a323acc9j9n74lwfqzjq-p7zip-17.05-lib"
            }
          ],
          "store_path": "/nix/store/a8y496higwqa0dvqrh9hp23n2g3i8dkq-p7zip-17.05"
        },
        "aarch64-linux": {
          "outputs": [
            {
              "name": "out",
              "path": "/nix/store/rpx3p3nvdkz5r31qxnnf9ws7n753arz4-p7zip-17.05",
              "default": true
            },
            {
              "name": "man",
              "path": "/nix/store/zjxn40x8dddrjjdbgph86jdrnd3jcb7f-p7zip-17.05-man",
              "default": true
            },
            {
              "name": "doc",
              "path": "/nix/store/fnbk71bwxzflqymkhkbr2mh635iagasd-p7zip-17.05-doc"
            },
            {
              "name": "lib",
              "path": "/nix/store/h5bfyj9gm1mnzn77lqrfbxz7ffy65mqb-p7zip-17.05-lib"
            }
          ],
          "store_path": "/nix/store/rpx3p3nvdkz5r31qxnnf9ws7n753arz4-p7zip-17.05"
        },
        "x86_64-darwin": {
          "outputs": [
            {
              "name": "out",
              "path": "/nix/store/rrsy4sgfkck4lq0flh9ghddz9b2a8v6x-p7zip-17.05",
              "default": true
            },
            {
              "name": "man",
              "path": "/nix/store/frkdda82zk2qh65xmxzdmzbkqmacsb62-p7zip-17.05-man",
              "default": true
            },
            {
              "name": "doc",
              "path": "/nix/store/xl6j3jq3xjklpndhvhvf44plnx1f0k5s-p7zip-17.05-doc"
            },
            {
              "name": "lib",
              "path": "/nix/store/5s50cn4x6h880c2qfn8raiawgzaxdhc8-p7zip-17.05-lib"
            }
          ],
          "store_path": "/nix/store/rrsy4sgfkck4lq0flh9ghddz9b2a8v6x-p7zip-17.05"
        },
        "x86_64-linux": {
          "outputs": [
            {
              "name": "out",
              "path": "/nix/store/hq7bwx1107ysch28iz2wnpagfjgj9ggf-p7zip-17.05",
              "default": true
            },
            {
              "name": "man",
              "path": "/nix/store/q20kzvprz5wbdj8mws91s5ckml24p9i4-p7zip-17.05-man",
              "default": true
            },
            {
              "name": "doc",
              "path": "/nix/store/84zgwxv8h4440n8lwsgnzv9qw1vpkvq0-p7zip-17.05-doc"
            },
            {
              "name": "lib",
              "path": "/nix/store/xfzja8jiiafkcv4bjfxdbnadrb6hkf3w-p7zip-17.05-lib"
            }
          ],
          "store_path": "/nix/store/hq7bwx1107ysch28iz2wnpagfjgj9ggf-p7zip-17.05"
        }
      }
    },
    "zig@0.15.2": {
      "last_modified": "2026-01-10T08:02:33Z",
      "resolved": "github:NixOS/nixpkgs/3146c6aa9995e7351a398e17470e15305e6e18ff#zig",
      "source": "devbox-search",
      "version": "0.15.2",
      "systems": {
        "aarch64-darwin": {
          "outputs": [
            {
              "name": "out",
              "path": "/nix/store/pp3rdgdy6pnji9zm91qqcd6c86wljw58-zig-0.15.2",
              "default": true
            },
            {
              "name": "doc",
              "path": "/nix/store/pgi8ify4wg1jn36zqiv9yj5lip0yy5hs-zig-0.15.2-doc"
            }
          ],
          "store_path": "/nix/store/pp3rdgdy6pnji9zm91qqcd6c86wljw58-zig-0.15.2"
        },
        "aarch64-linux": {
          "outputs": [
            {
              "name": "out",
              "path": "/nix/store/vzkgmq5j24v8m847lqgck7vllnxlwxl2-zig-0.15.2",
              "default": true
            },
            {
              "name": "doc",
              "path": "/nix/store/4jlypmdify8ci6pv8ndg004n16fjpvkj-zig-0.15.2-doc"
            }
          ],
          "store_path": "/nix/store/vzkgmq5j24v8m847lqgck7vllnxlwxl2-zig-0.15.2"
        },
        "x86_64-darwin": {
          "outputs": [
            {
              "name": "out",
              "path": "/nix/store/020rppvygv5hdh19zfn24x08zyph326c-zig-0.15.2",
              "default": true
            },
            {
              "name": "doc",
              "path": "/nix/store/qy0kjrb75qd63fw1liyj9ncjs50ki9v4-zig-0.15.2-doc"
            }
          ],
          "store_path": "/nix/store/020rppvygv5hdh19zfn24x08zyph326c-zig-0.15.2"
        },
        "x86_64-linux": {
          "outputs": [
            {
              "name": "out",
              "path": "/nix/store/qc6d64s9gvn4q4686dc13srgf1frg4jw-zig-0.15.2",
              "default": true
            },
            {
              "name": "doc",
              "path": "/nix/store/pih8b2g4scafqlrca3s04cmj2dz8jbba-zig-0.15.2-doc"
            }
          ],
          "store_path": "/nix/store/qc6d64s9gvn4q4686dc13srgf1frg4jw-zig-0.15.2"
        }
      }
    }
  }
}
