{
  "lockfile_version": "1",
  "packages": {
    "act@0.2.84": {
      "last_modified": "2026-02-23T15:40:43Z",
      "resolved": "github:NixOS/nixpkgs/80d901ec0377e19ac3f7bb8c035201e2e098cc97#act",
      "source": "devbox-search",
      "version": "0.2.84",
      "systems": {
        "aarch64-darwin": {
          "outputs": [
            {
              "name": "out",
              "path": "/nix/store/i1f4l57vzk8gwbnwxjmalsr92c25jwsf-act-0.2.84",
              "default": true
            }
          ],
          "store_path": "/nix/store/i1f4l57vzk8gwbnwxjmalsr92c25jwsf-act-0.2.84"
        },
        "aarch64-linux": {
          "outputs": [
            {
              "name": "out",
              "path": "/nix/store/qj7834kzixm1qrsjhykcgmzgdsnidm5g-act-0.2.84",
              "default": true
            }
          ],
          "store_path": "/nix/store/qj7834kzixm1qrsjhykcgmzgdsnidm5g-act-0.2.84"
        },
        "x86_64-darwin": {
          "outputs": [
            {
              "name": "out",
              "path": "/nix/store/7n7yipgkvkg6dbfwhr507wcyiy3xppaq-act-0.2.84",
              "default": true
            }
          ],
          "store_path": "/nix/store/7n7yipgkvkg6dbfwhr507wcyiy3xppaq-act-0.2.84"
        },
        "x86_64-linux": {
          "outputs": [
            {
              "name": "out",
              "path": "/nix/store/z063ds4yv84j3h769b5lc0hlf29qqwc6-act-0.2.84",
              "default": true
            }
          ],
          "store_path": "/nix/store/z063ds4yv84j3h769b5lc0hlf29qqwc6-act-0.2.84"
        }
      }
    },
    "beam27Packages.elixir-ls@0.30.0": {
      "last_modified": "2026-02-23T15:40:43Z",
      "resolved": "github:NixOS/nixpkgs/80d901ec0377e19ac3f7bb8c035201e2e098cc97#beam27Packages.elixir-ls",
      "source": "devbox-search",
      "version": "0.30.0",
      "systems": {
        "aarch64-darwin": {
          "outputs": [
            {
              "name": "out",
              "path": "/nix/store/kw4gi50i5ai0qw92lz6jx9d54nyf7w4p-elixir-ls-0.30.0",
              "default": true
            }
          ],
          "store_path": "/nix/store/kw4gi50i5ai0qw92lz6jx9d54nyf7w4p-elixir-ls-0.30.0"
        },
        "aarch64-linux": {
          "outputs": [
            {
              "name": "out",
              "path": "/nix/store/g0mby1pv3qjhpl6wsk47l1kr3q8s7pa4-elixir-ls-0.30.0",
              "default": true
            }
          ],
          "store_path": "/nix/store/g0mby1pv3qjhpl6wsk47l1kr3q8s7pa4-elixir-ls-0.30.0"
        },
        "x86_64-darwin": {
          "outputs": [
            {
              "name": "out",
              "path": "/nix/store/xfm2c4k3cdgzsb52ybnqqd0qsc6pg3wx-elixir-ls-0.30.0",
              "default": true
            }
          ],
          "store_path": "/nix/store/xfm2c4k3cdgzsb52ybnqqd0qsc6pg3wx-elixir-ls-0.30.0"
        },
        "x86_64-linux": {
          "outputs": [
            {
              "name": "out",
              "path": "/nix/store/j9rckhfi9bm49ln7jg0li4zg2rzjl8v2-elixir-ls-0.30.0",
              "default": true
            }
          ],
          "store_path": "/nix/store/j9rckhfi9bm49ln7jg0li4zg2rzjl8v2-elixir-ls-0.30.0"
        }
      }
    },
    "elixir@1.18.1": {
      "last_modified": "2024-12-27T03:08:00Z",
      "plugin_version": "0.0.2",
      "resolved": "github:NixOS/nixpkgs/7cc0bff31a3a705d3ac4fdceb030a17239412210#elixir",
      "source": "devbox-search",
      "version": "1.18.1",
      "systems": {
        "aarch64-darwin": {
          "outputs": [
            {
              "name": "out",
              "path": "/nix/store/hdd9x34p0gplcl1bramq80lqi76xrd87-elixir-1.18.1",
              "default": true
            }
          ],
          "store_path": "/nix/store/hdd9x34p0gplcl1bramq80lqi76xrd87-elixir-1.18.1"
        },
        "aarch64-linux": {
          "outputs": [
            {
              "name": "out",
              "path": "/nix/store/a4g29icpil9b1hsniqspz5k110h4df8v-elixir-1.18.1",
              "default": true
            }
          ],
          "store_path": "/nix/store/a4g29icpil9b1hsniqspz5k110h4df8v-elixir-1.18.1"
        },
        "x86_64-darwin": {
          "outputs": [
            {
              "name": "out",
              "path": "/nix/store/b3h6f36zd4gjivb76lvvs6a9bi1mq9q8-elixir-1.18.1",
              "default": true
            }
          ],
          "store_path": "/nix/store/b3h6f36zd4gjivb76lvvs6a9bi1mq9q8-elixir-1.18.1"
        },
        "x86_64-linux": {
          "outputs": [
            {
              "name": "out",
              "path": "/nix/store/3zd200bq28mv3pdbii7rijzmb0gmhhs3-elixir-1.18.1",
              "default": true
            }
          ],
          "store_path": "/nix/store/3zd200bq28mv3pdbii7rijzmb0gmhhs3-elixir-1.18.1"
        }
      }
    },
    "erlang@27.2": {
      "last_modified": "2024-12-26T01:25:00Z",
      "resolved": "github:NixOS/nixpkgs/16e046229f3b4f53257973a5532bcbb72457d2f2#erlang",
      "source": "devbox-search",
      "version": "27.2",
      "systems": {
        "aarch64-darwin": {
          "outputs": [
            {
              "name": "out",
              "path": "/nix/store/6lg2nrxxd79s2k1ij4hsvfgiwhbisy5v-erlang-27.2",
              "default": true
            }
          ],
          "store_path": "/nix/store/6lg2nrxxd79s2k1ij4hsvfgiwhbisy5v-erlang-27.2"
        },
        "aarch64-linux": {
          "outputs": [
            {
              "name": "out",
              "path": "/nix/store/swym0vp55ayg9yv2zp18dzybq66y267l-erlang-27.2",
              "default": true
            }
          ],
          "store_path": "/nix/store/swym0vp55ayg9yv2zp18dzybq66y267l-erlang-27.2"
        },
        "x86_64-darwin": {
          "outputs": [
            {
              "name": "out",
              "path": "/nix/store/rlmwsbfv7pbxps28ap0hryf8yk3swiw4-erlang-27.2",
              "default": true
            }
          ],
          "store_path": "/nix/store/rlmwsbfv7pbxps28ap0hryf8yk3swiw4-erlang-27.2"
        },
        "x86_64-linux": {
          "outputs": [
            {
              "name": "out",
              "path": "/nix/store/186j3w6wqlqqc8c2sljxhw72ffvc5h0p-erlang-27.2",
              "default": true
            }
          ],
          "store_path": "/nix/store/186j3w6wqlqqc8c2sljxhw72ffvc5h0p-erlang-27.2"
        }
      }
    },
    "github:NixOS/nixpkgs/11cb3517b3af6af300dd6c055aeda73c9bf52c48": {
      "last_modified": "1970-01-01T00:00:00Z",
      "resolved": "github:NixOS/nixpkgs/11cb3517b3af6af300dd6c055aeda73c9bf52c48"
    },
    "go@1.26.1": {
      "last_modified": "2026-03-10T02:35:18Z",
      "resolved": "github:NixOS/nixpkgs/e607cb5360ff1234862ac9f8839522becb853bb9#go_1_26",
      "source": "devbox-search",
      "version": "1.26.1",
      "systems": {
        "aarch64-darwin": {
          "outputs": [
            {
              "name": "out",
              "path": "/nix/store/jywi4m1c3l499kb43rykvvl52vds5nsv-go-1.26.1",
              "default": true
            }
          ],
          "store_path": "/nix/store/jywi4m1c3l499kb43rykvvl52vds5nsv-go-1.26.1"
        },
        "aarch64-linux": {
          "outputs": [
            {
              "name": "out",
              "path": "/nix/store/cb97739g243gdznzhbv712mxwi99mbdv-go-1.26.1",
              "default": true
            }
          ],
          "store_path": "/nix/store/cb97739g243gdznzhbv712mxwi99mbdv-go-1.26.1"
        },
        "x86_64-darwin": {
          "outputs": [
            {
              "name": "out",
              "path": "/nix/store/i5acnqwv68r2hcbzwiysklgr1q7qw4gw-go-1.26.1",
              "default": true
            }
          ],
          "store_path": "/nix/store/i5acnqwv68r2hcbzwiysklgr1q7qw4gw-go-1.26.1"
        },
        "x86_64-linux": {
          "outputs": [
            {
              "name": "out",
              "path": "/nix/store/bnv5q7irdqhp63620r8svjm2acfg9swl-go-1.26.1",
              "default": true
            }
          ],
          "store_path": "/nix/store/bnv5q7irdqhp63620r8svjm2acfg9swl-go-1.26.1"
        }
      }
    },
    "golangci-lint@2.11.3": {
      "last_modified": "2026-03-11T04:01:32Z",
      "resolved": "github:NixOS/nixpkgs/b6067cc0127d4db9c26c79e4de0513e58d0c40c9#golangci-lint",
      "source": "devbox-search",
      "version": "2.11.3",
      "systems": {
        "aarch64-darwin": {
          "outputs": [
            {
              "name": "out",
              "path": "/nix/store/zalxgqwyng4jdbv5cpsmm9xbmim9hjjj-golangci-lint-2.11.3",
              "default": true
            }
          ],
          "store_path": "/nix/store/zalxgqwyng4jdbv5cpsmm9xbmim9hjjj-golangci-lint-2.11.3"
        },
        "aarch64-linux": {
          "outputs": [
            {
              "name": "out",
              "path": "/nix/store/mbra9idrmw8f8a4sqv2d0bf6vw8gcmfp-golangci-lint-2.11.3",
              "default": true
            }
          ],
          "store_path": "/nix/store/mbra9idrmw8f8a4sqv2d0bf6vw8gcmfp-golangci-lint-2.11.3"
        },
        "x86_64-darwin": {
          "outputs": [
            {
              "name": "out",
              "path": "/nix/store/ph64c01zwvbr9xvxydxa8ijvbdfax8fy-golangci-lint-2.11.3",
              "default": true
            }
          ],
          "store_path": "/nix/store/ph64c01zwvbr9xvxydxa8ijvbdfax8fy-golangci-lint-2.11.3"
        },
        "x86_64-linux": {
          "outputs": [
            {
              "name": "out",
              "path": "/nix/store/i1xcg5f24w70llk4v6lzi0vi4jf3ma5k-golangci-lint-2.11.3",
              "default": true
            }
          ],
          "store_path": "/nix/store/i1xcg5f24w70llk4v6lzi0vi4jf3ma5k-golangci-lint-2.11.3"
        }
      }
    },
    "nodejs@25.7.0": {
      "last_modified": "2026-02-26T05:06:13Z",
      "plugin_version": "0.0.2",
      "resolved": "github:NixOS/nixpkgs/26eaeac4e409d7b5a6bf6f90a2a2dc223c78d915#nodejs_25",
      "source": "devbox-search",
      "version": "25.7.0",
      "systems": {
        "aarch64-darwin": {
          "outputs": [
            {
              "name": "out",
              "path": "/nix/store/7jwpa43ghplnyay8xinpp7cpfz2mx4r5-nodejs-25.7.0",
              "default": true
            }
          ],
          "store_path": "/nix/store/7jwpa43ghplnyay8xinpp7cpfz2mx4r5-nodejs-25.7.0"
        },
        "aarch64-linux": {
          "outputs": [
            {
              "name": "out",
              "path": "/nix/store/w1a1qfdf41h0cr92ir3nkg56wr7q7sqy-nodejs-25.7.0",
              "default": true
            }
          ],
          "store_path": "/nix/store/w1a1qfdf41h0cr92ir3nkg56wr7q7sqy-nodejs-25.7.0"
        },
        "x86_64-darwin": {
          "outputs": [
            {
              "name": "out",
              "path": "/nix/store/kyhpn0z68yf66znb5viy5a1hghaf0n2a-nodejs-25.7.0",
              "default": true
            }
          ],
          "store_path": "/nix/store/kyhpn0z68yf66znb5viy5a1hghaf0n2a-nodejs-25.7.0"
        },
        "x86_64-linux": {
          "outputs": [
            {
              "name": "out",
              "path": "/nix/store/rmrlkn4hcsfllvki855yig5vpmlk4kw1-nodejs-25.7.0",
              "default": true
            }
          ],
          "store_path": "/nix/store/rmrlkn4hcsfllvki855yig5vpmlk4kw1-nodejs-25.7.0"
        }
      }
    },
    "p7zip@17.05": {
      "last_modified": "2025-01-06T03:40:18Z",
      "resolved": "github:NixOS/nixpkgs/3df3c47c19dc90fec35359e89ffb52b34d2b0e94#p7zip",
      "source": "devbox-search",
      "version": "17.05",
      "systems": {
        "aarch64-darwin": {
          "outputs": [
            {
              "name": "out",
              "path": "/nix/store/a8y496higwqa0dvqrh9hp23n2g3i8dkq-p7zip-17.05",
              "default": true
            },
            {
              "name": "man",
              "path": "/nix/store/94fmm1r4rs15hmxivra9fr1w6fbidzj3-p7zip-17.05-man",
              "default": true
            },
            {
              "name": "doc",
              "path": "/nix/store/5crbxaj80nrdpmbxzg8n01nlq8raamv9-p7zip-17.05-doc"
            },
            {
              "name": "lib",
              "path": "/nix/store/hibq8r2jcra2a323acc9j9n74lwfqzjq-p7zip-17.05-lib"
            }
          ],
          "store_path": "/nix/store/a8y496higwqa0dvqrh9hp23n2g3i8dkq-p7zip-17.05"
        },
        "aarch64-linux": {
          "outputs": [
            {
              "name": "out",
              "path": "/nix/store/rpx3p3nvdkz5r31qxnnf9ws7n753arz4-p7zip-17.05",
              "default": true
            },
            {
              "name": "man",
              "path": "/nix/store/zjxn40x8dddrjjdbgph86jdrnd3jcb7f-p7zip-17.05-man",
              "default": true
            },
            {
              "name": "doc",
              "path": "/nix/store/fnbk71bwxzflqymkhkbr2mh635iagasd-p7zip-17.05-doc"
            },
            {
              "name": "lib",
              "path": "/nix/store/h5bfyj9gm1mnzn77lqrfbxz7ffy65mqb-p7zip-17.05-lib"
            }
          ],
          "store_path": "/nix/store/rpx3p3nvdkz5r31qxnnf9ws7n753arz4-p7zip-17.05"
        },
        "x86_64-darwin": {
          "outputs": [
            {
              "name": "out",
              "path": "/nix/store/rrsy4sgfkck4lq0flh9ghddz9b2a8v6x-p7zip-17.05",
              "default": true
            },
            {
              "name": "man",
              "path": "/nix/store/frkdda82zk2qh65xmxzdmzbkqmacsb62-p7zip-17.05-man",
              "default": true
            },
            {
              "name": "doc",
              "path": "/nix/store/xl6j3jq3xjklpndhvhvf44plnx1f0k5s-p7zip-17.05-doc"
            },
            {
              "name": "lib",
              "path": "/nix/store/5s50cn4x6h880c2qfn8raiawgzaxdhc8-p7zip-17.05-lib"
            }
          ],
          "store_path": "/nix/store/rrsy4sgfkck4lq0flh9ghddz9b2a8v6x-p7zip-17.05"
        },
        "x86_64-linux": {
          "outputs": [
            {
              "name": "out",
              "path": "/nix/store/hq7bwx1107ysch28iz2wnpagfjgj9ggf-p7zip-17.05",
              "default": true
            },
            {
              "name": "man",
              "path": "/nix/store/q20kzvprz5wbdj8mws91s5ckml24p9i4-p7zip-17.05-man",
              "default": true
            },
            {
              "name": "doc",
              "path": "/nix/store/84zgwxv8h4440n8lwsgnzv9qw1vpkvq0-p7zip-17.05-doc"
            },
            {
              "name": "lib",
              "path": "/nix/store/xfzja8jiiafkcv4bjfxdbnadrb6hkf3w-p7zip-17.05-lib"
            }
          ],
          "store_path": "/nix/store/hq7bwx1107ysch28iz2wnpagfjgj9ggf-p7zip-17.05"
        }
      }
    },
    "zig@0.15.2": {
      "last_modified": "2026-02-23T15:40:43Z",
      "resolved": "github:NixOS/nixpkgs/80d901ec0377e19ac3f7bb8c035201e2e098cc97#zig",
      "source": "devbox-search",
      "version": "0.15.2",
      "systems": {
        "aarch64-darwin": {
          "outputs": [
            {
              "name": "out",
              "path": "/nix/store/60igbrpnlhn03zk7yj67ih9bnwv0v6b2-zig-0.15.2",
              "default": true
            },
            {
              "name": "doc",
              "path": "/nix/store/94hnd63aaklvwy089ajis1ail1m08dvd-zig-0.15.2-doc"
            }
          ],
          "store_path": "/nix/store/60igbrpnlhn03zk7yj67ih9bnwv0v6b2-zig-0.15.2"
        },
        "aarch64-linux": {
          "outputs": [
            {
              "name": "out",
              "path": "/nix/store/im165fkysp0db5mn8ic547b9hvw0sklx-zig-0.15.2",
              "default": true
            },
            {
              "name": "doc",
              "path": "/nix/store/i3j0ykam2xn564qf1pkni35jdylk05hd-zig-0.15.2-doc"
            }
          ],
          "store_path": "/nix/store/im165fkysp0db5mn8ic547b9hvw0sklx-zig-0.15.2"
        },
        "x86_64-darwin": {
          "outputs": [
            {
              "name": "out",
              "path": "/nix/store/n9fa7by83xpk2mhszc8xg5yyacm1qpsm-zig-0.15.2",
              "default": true
            },
            {
              "name": "doc",
              "path": "/nix/store/7hslslry24ykp79wpkabi1l2zjp93yg8-zig-0.15.2-doc"
            }
          ],
          "store_path": "/nix/store/n9fa7by83xpk2mhszc8xg5yyacm1qpsm-zig-0.15.2"
        },
        "x86_64-linux": {
          "outputs": [
            {
              "name": "out",
              "path": "/nix/store/kfy6nkp1j0h3iyzls3qdqd1ppngzwm4c-zig-0.15.2",
              "default": true
            },
            {
              "name": "doc",
              "path": "/nix/store/28bj1cz4q888glmr1n5gnrw86nj473yi-zig-0.15.2-doc"
            }
          ],
          "store_path": "/nix/store/kfy6nkp1j0h3iyzls3qdqd1ppngzwm4c-zig-0.15.2"
        }
      }
    }
  }
}
